<?xml version="1.0" encoding="utf-8"?>
<Project ToolsVersion="4.0" xmlns="http://schemas.microsoft.com/developer/msbuild/2003">
  <ItemGroup>
    <Filter Include="Source Files">
      <UniqueIdentifier>{4FC737F1-C7A5-4376-A066-2A32D752A2FF}</UniqueIdentifier>
      <Extensions>cpp;c;cc;cxx;def;odl;idl;hpj;bat;asm;asmx</Extensions>
    </Filter>
    <Filter Include="Header Files">
      <UniqueIdentifier>{93995380-89BD-4b04-88EB-625FBE52EBFB}</UniqueIdentifier>
      <Extensions>h;hh;hpp;hxx;hm;inl;inc;xsd</Extensions>
    </Filter>
    <Filter Include="Resource Files">
      <UniqueIdentifier>{67DA6AB6-F800-4c08-8B7A-83BB121AAD01}</UniqueIdentifier>
      <Extensions>rc;ico;cur;bmp;dlg;rc2;rct;bin;rgs;gif;jpg;jpeg;jpe;resx;tiff;tif;png;wav;mfcribbon-ms</Extensions>
    </Filter>
    <Filter Include="AgoraMedia">
      <UniqueIdentifier>{b67a1b85-f5af-42f8-8679-6dc1ec8193cf}</UniqueIdentifier>
    </Filter>
    <Filter Include="AgoraSignal">
      <UniqueIdentifier>{252ba96e-3c97-491c-bd02-5bd389286ea6}</UniqueIdentifier>
    </Filter>
    <Filter Include="Include">
      <UniqueIdentifier>{baf2f899-f16f-4e97-98f9-49d19b91ae2b}</UniqueIdentifier>
    </Filter>
    <Filter Include="Common">
      <UniqueIdentifier>{b0383468-940a-4c81-93b9-142fa511a169}</UniqueIdentifier>
    </Filter>
    <Filter Include="Dlg">
      <UniqueIdentifier>{3bae5979-b306-4c6c-ab08-38807d9b168f}</UniqueIdentifier>
    </Filter>
  </ItemGroup>
  <ItemGroup>
    <Text Include="ReadMe.txt" />
  </ItemGroup>
  <ItemGroup>
    <ClInclude Include="ScreenShare-RemoteAssistant.h">
      <Filter>Header Files</Filter>
    </ClInclude>
    <ClInclude Include="stdafx.h">
      <Filter>Header Files</Filter>
    </ClInclude>
    <ClInclude Include="targetver.h">
      <Filter>Header Files</Filter>
    </ClInclude>
    <ClInclude Include="Resource.h">
      <Filter>Header Files</Filter>
    </ClInclude>
    <ClInclude Include="ScreenShare-RemoteAssistantDlg.h">
      <Filter>Dlg</Filter>
    </ClInclude>
    <ClInclude Include="AgoraSingletonTemplate.h">
      <Filter>Common</Filter>
    </ClInclude>
    <ClInclude Include="AgoraUitlc.h">
      <Filter>Common</Filter>
    </ClInclude>
    <ClInclude Include="AgoraMediaWrapper.h">
      <Filter>AgoraMedia</Filter>
    </ClInclude>
    <ClInclude Include="AgoraSignalWrapper.h">
      <Filter>AgoraSignal</Filter>
    </ClInclude>
    <ClInclude Include="AgoraConfig.h">
      <Filter>Common</Filter>
    </ClInclude>
  </ItemGroup>
  <ItemGroup>
    <ClCompile Include="ScreenShare-RemoteAssistant.cpp">
      <Filter>Source Files</Filter>
    </ClCompile>
    <ClCompile Include="stdafx.cpp">
      <Filter>Source Files</Filter>
    </ClCompile>
    <ClCompile Include="ScreenShare-RemoteAssistantDlg.cpp">
      <Filter>Dlg</Filter>
    </ClCompile>
    <ClCompile Include="AgoraMediaWrapper.cpp">
      <Filter>AgoraMedia</Filter>
    </ClCompile>
    <ClCompile Include="AgoraSignalWrapper.cpp">
      <Filter>AgoraSignal</Filter>
    </ClCompile>
    <ClCompile Include="AgoraConfig.cpp">
      <Filter>Common</Filter>
    </ClCompile>
  </ItemGroup>
  <ItemGroup>
    <ResourceCompile Include="ScreenShare-RemoteAssistant.rc">
      <Filter>Resource Files</Filter>
    </ResourceCompile>
  </ItemGroup>
  <ItemGroup>
    <None Include="res\ScreenShareRemoteAssistant.rc2">
      <Filter>Resource Files</Filter>
    </None>
  </ItemGroup>
  <ItemGroup>
    <Image Include="res\ScreenShare-RemoteAssistant.ico">
      <Filter>Resource Files</Filter>
    </Image>
  </ItemGroup>
</Project>